
Microsoft Visual Studio Solution File, Format Version 12.00
Project("{FAE04EC0-301F-11D3-BF4B-00C04F79EFBC}") = "WizardWorldDeskop", "WizardWorldDeskop\WizardWorldDeskop.csproj", "{5676D7D8-C658-4A23-BAFB-A660FEDD4C9F}"
EndProject
Project("{FAE04EC0-301F-11D3-BF4B-00C04F79EFBC}") = "WizardWorld.Client", "WizardWorld.Client\WizardWorld.Client.csproj", "{0EE31D91-407E-408A-9C2E-28ACE5DB3607}"
EndProject
Global
	GlobalSection(SolutionConfigurationPlatforms) = preSolution
		Debug|Any CPU = Debug|Any CPU
		Release|Any CPU = Release|Any CPU
	EndGlobalSection
	GlobalSection(ProjectConfigurationPlatforms) = postSolution
		{5676D7D8-C658-4A23-BAFB-A660FEDD4C9F}.Debug|Any CPU.ActiveCfg = Debug|Any CPU
		{5676D7D8-C658-4A23-BAFB-A660FEDD4C9F}.Debug|Any CPU.Build.0 = Debug|Any CPU
		{5676D7D8-C658-4A23-BAFB-A660FEDD4C9F}.Release|Any CPU.ActiveCfg = Release|Any CPU
		{5676D7D8-C658-4A23-BAFB-A660FEDD4C9F}.Release|Any CPU.Build.0 = Release|Any CPU
		{0EE31D91-407E-408A-9C2E-28ACE5DB3607}.Debug|Any CPU.ActiveCfg = Debug|Any CPU
		{0EE31D91-407E-408A-9C2E-28ACE5DB3607}.Debug|Any CPU.Build.0 = Debug|Any CPU
		{0EE31D91-407E-408A-9C2E-28ACE5DB3607}.Release|Any CPU.ActiveCfg = Release|Any CPU
		{0EE31D91-407E-408A-9C2E-28ACE5DB3607}.Release|Any CPU.Build.0 = Release|Any CPU
	EndGlobalSection
EndGlobal
